
Microsoft Visual Studio Solution File, Format Version 12.00
# Visual Studio Version 17
VisualStudioVersion = 17.8.34330.188
MinimumVisualStudioVersion = 10.0.40219.1
Project("{FAE04EC0-301F-11D3-BF4B-00C04F79EFBC}") = "ParkingLotManagement", "ParkingLotManagement\ParkingLotManagement.csproj", "{B6D9690E-8E6F-4CF5-9936-95F1428EDFCA}"
EndProject
Global
	GlobalSection(SolutionConfigurationPlatforms) = preSolution
		Debug|Any CPU = Debug|Any CPU
		Release|Any CPU = Release|Any CPU
	EndGlobalSection
	GlobalSection(ProjectConfigurationPlatforms) = postSolution
		{B6D9690E-8E6F-4CF5-9936-95F1428EDFCA}.Debug|Any CPU.ActiveCfg = Debug|Any CPU
		{B6D9690E-8E6F-4CF5-9936-95F1428EDFCA}.Debug|Any CPU.Build.0 = Debug|Any CPU
		{B6D9690E-8E6F-4CF5-9936-95F1428EDFCA}.Release|Any CPU.ActiveCfg = Release|Any CPU
		{B6D9690E-8E6F-4CF5-9936-95F1428EDFCA}.Release|Any CPU.Build.0 = Release|Any CPU
	EndGlobalSection
	GlobalSection(SolutionProperties) = preSolution
		HideSolutionNode = FALSE
	EndGlobalSection
	GlobalSection(ExtensibilityGlobals) = postSolution
		SolutionGuid = {255F9B00-3746-473E-A30F-55D28BDECEB0}
	EndGlobalSection
EndGlobal
